<?xml version="1.0" encoding="utf-8"?>
<Project ToolsVersion="4.0" xmlns="http://schemas.microsoft.com/developer/msbuild/2003">
  <ItemGroup>
    <Filter Include="Header Files">
      <UniqueIdentifier>{93995380-89BD-4b04-88EB-625FBE52EBFB}</UniqueIdentifier>
      <Extensions>h;hh;hpp;hxx;hm;inl;inc;xsd</Extensions>
    </Filter>
    <Filter Include="Tests">
      <UniqueIdentifier>{4FC737F1-C7A5-4376-A066-2A32D752A2FF}</UniqueIdentifier>
      <Extensions>cpp;c;cc;cxx;def;odl;idl;hpj;bat;asm;asmx</Extensions>
    </Filter>
  </ItemGroup>
  <ItemGroup>
    <Text Include="ReadMe.txt" />
  </ItemGroup>
  <ItemGroup>
    <ClInclude Include="..\impl\op\trie\Trie.h">
      <Filter>Header Files</Filter>
    </ClInclude>
    <ClInclude Include="..\impl\op\trie\Containers.h">
      <Filter>Header Files</Filter>
    </ClInclude>
    <ClInclude Include="..\impl\op\trie\FixedSizeMemoryManager">
      <Filter>Header Files</Filter>
    </ClInclude>
    <ClInclude Include="..\impl\op\trie\Exceptions.h">
      <Filter>Header Files</Filter>
    </ClInclude>
    <ClInclude Include="..\impl\op\trie\CacheManager.h">
      <Filter>Header Files</Filter>
    </ClInclude>
    <ClInclude Include="..\impl\op\trie\SegmentManager.h">
      <Filter>Header Files</Filter>
    </ClInclude>
    <ClInclude Include="..\impl\op\trie\Transactional.h">
      <Filter>Header Files</Filter>
    </ClInclude>
    <ClInclude Include="..\impl\op\trie\TransactedSegmentManager.h">
      <Filter>Header Files</Filter>
    </ClInclude>
    <ClInclude Include="..\impl\op\trie\Range.h">
      <Filter>Header Files</Filter>
    </ClInclude>
    <ClInclude Include="..\impl\op\trie\MemoryManager.h">
      <Filter>Header Files</Filter>
    </ClInclude>
    <ClInclude Include="..\impl\op\trie\NamedObjects.h">
      <Filter>Header Files</Filter>
    </ClInclude>
    <ClInclude Include="..\impl\op\trie\Utils.h">
      <Filter>Header Files</Filter>
    </ClInclude>
    <ClInclude Include="..\impl\op\trie\MemoryBlock.h">
      <Filter>Header Files</Filter>
    </ClInclude>
    <ClInclude Include="..\impl\op\trie\Skplst.h">
      <Filter>Header Files</Filter>
    </ClInclude>
    <ClInclude Include="GenericMemoryTest.h">
      <Filter>Header Files</Filter>
    </ClInclude>
    <ClInclude Include="..\impl\op\trie\StemContainer.h">
      <Filter>Header Files</Filter>
    </ClInclude>
    <ClInclude Include="..\impl\op\trie\Bitset.h">
      <Filter>Header Files</Filter>
    </ClInclude>
    <ClInclude Include="..\impl\op\trie\HashTable.h">
      <Filter>Header Files</Filter>
    </ClInclude>
    <ClInclude Include="..\impl\op\trie\ValueArray.h">
      <Filter>Header Files</Filter>
    </ClInclude>
    <ClInclude Include="..\impl\op\trie\TypeHelper.h">
      <Filter>Header Files</Filter>
    </ClInclude>
    <ClInclude Include="..\impl\op\trie\FixedSizeMemoryManager.h">
      <Filter>Header Files</Filter>
    </ClInclude>
    <ClInclude Include="..\impl\op\trie\MemoryRanges.h">
      <Filter>Header Files</Filter>
    </ClInclude>
    <ClInclude Include="..\impl\op\trie\PersistedReference.h">
      <Filter>Header Files</Filter>
    </ClInclude>
    <ClInclude Include="..\impl\op\trie\SegmentHelper.h">
      <Filter>Header Files</Filter>
    </ClInclude>
    <ClInclude Include="..\impl\op\trie\targetver.h">
      <Filter>Header Files</Filter>
    </ClInclude>
    <ClInclude Include="..\impl\op\trie\typedefs.h">
      <Filter>Header Files</Filter>
    </ClInclude>
  </ItemGroup>
  <ItemGroup>
    <ClCompile Include="tr.cpp">
      <Filter>Tests</Filter>
    </ClCompile>
    <ClCompile Include="FixedSizeMemoryManagerTest.cpp">
      <Filter>Tests</Filter>
    </ClCompile>
    <ClCompile Include="RangeTest.cpp">
      <Filter>Tests</Filter>
    </ClCompile>
    <ClCompile Include="Transacted.cpp">
      <Filter>Tests</Filter>
    </ClCompile>
    <ClCompile Include="skplst.cpp">
      <Filter>Tests</Filter>
    </ClCompile>
    <ClCompile Include="ContainersTest.cpp">
      <Filter>Tests</Filter>
    </ClCompile>
    <ClCompile Include="SegmentManagerTest.cpp">
      <Filter>Tests</Filter>
    </ClCompile>
    <ClCompile Include="SegmentToplogyTest.cpp">
      <Filter>Tests</Filter>
    </ClCompile>
    <ClCompile Include="StemContainer.cpp">
      <Filter>Tests</Filter>
    </ClCompile>
    <ClCompile Include="BgWorkerTest.cpp">
      <Filter>Tests</Filter>
    </ClCompile>
    <ClCompile Include="Trie.cpp">
      <Filter>Tests</Filter>
    </ClCompile>
    <ClCompile Include="BitsetTest.cpp">
      <Filter>Tests</Filter>
    </ClCompile>
  </ItemGroup>
</Project>