<?xml version="1.0" encoding="utf-8"?>
<Project ToolsVersion="4.0" xmlns="http://schemas.microsoft.com/developer/msbuild/2003">
  <ItemGroup>
    <Filter Include="Source Files">
      <UniqueIdentifier>{4FC737F1-C7A5-4376-A066-2A32D752A2FF}</UniqueIdentifier>
      <Extensions>cpp;c;cc;cxx;def;odl;idl;hpj;bat;asm;asmx</Extensions>
    </Filter>
    <Filter Include="Header Files">
      <UniqueIdentifier>{93995380-89BD-4b04-88EB-625FBE52EBFB}</UniqueIdentifier>
      <Extensions>h;hh;hpp;hxx;hm;inl;inc;xsd</Extensions>
    </Filter>
    <Filter Include="Resource Files">
      <UniqueIdentifier>{67DA6AB6-F800-4c08-8B7A-83BB121AAD01}</UniqueIdentifier>
      <Extensions>rc;ico;cur;bmp;dlg;rc2;rct;bin;rgs;gif;jpg;jpeg;jpe;resx;tiff;tif;png;wav;mfcribbon-ms</Extensions>
    </Filter>
  </ItemGroup>
  <ItemGroup>
    <Text Include="ReadMe.txt" />
  </ItemGroup>
  <ItemGroup>
    <ClInclude Include="..\impl\op\trie\Trie.h">
      <Filter>Header Files</Filter>
    </ClInclude>
    <ClInclude Include="..\impl\op\trie\Containers.h">
      <Filter>Header Files</Filter>
    </ClInclude>
    <ClInclude Include="..\impl\op\trie\Node.h">
      <Filter>Header Files</Filter>
    </ClInclude>
    <ClInclude Include="..\impl\op\trie\Exceptions.h">
      <Filter>Header Files</Filter>
    </ClInclude>
    <ClInclude Include="..\impl\op\trie\CacheManager.h">
      <Filter>Header Files</Filter>
    </ClInclude>
    <ClInclude Include="..\impl\op\trie\SegmentManager.h">
      <Filter>Header Files</Filter>
    </ClInclude>
    <ClInclude Include="..\impl\op\trie\Transactional.h">
      <Filter>Header Files</Filter>
    </ClInclude>
    <ClInclude Include="..\impl\op\trie\TransactedSegmentManager.h">
      <Filter>Header Files</Filter>
    </ClInclude>
    <ClInclude Include="..\impl\op\trie\Range.h">
      <Filter>Header Files</Filter>
    </ClInclude>
    <ClInclude Include="..\impl\op\trie\MemoryManager.h">
      <Filter>Header Files</Filter>
    </ClInclude>
    <ClInclude Include="..\impl\op\trie\NamedObjects.h">
      <Filter>Header Files</Filter>
    </ClInclude>
    <ClInclude Include="..\impl\op\trie\Utils.h">
      <Filter>Header Files</Filter>
    </ClInclude>
    <ClInclude Include="..\impl\op\trie\MemoryBlock.h">
      <Filter>Header Files</Filter>
    </ClInclude>
    <ClInclude Include="..\impl\op\trie\Skplst.h">
      <Filter>Header Files</Filter>
    </ClInclude>
  </ItemGroup>
  <ItemGroup>
    <ClCompile Include="tr.cpp">
      <Filter>Source Files</Filter>
    </ClCompile>
    <ClCompile Include="NodeTest.cpp">
      <Filter>Source Files</Filter>
    </ClCompile>
    <ClCompile Include="RangeTest.cpp">
      <Filter>Source Files</Filter>
    </ClCompile>
    <ClCompile Include="Transacted.cpp">
      <Filter>Source Files</Filter>
    </ClCompile>
    <ClCompile Include="skplst.cpp">
      <Filter>Source Files</Filter>
    </ClCompile>
  </ItemGroup>
</Project>